
Microsoft Visual Studio Solution File, Format Version 12.00
# Visual Studio 15
VisualStudioVersion = 15.0.27004.2008
MinimumVisualStudioVersion = 10.0.40219.1
Project("{8BC9CEB8-8B4A-11D0-8D11-00A0C91BC942}") = "SellingSistem", "SellingSistem\SellingSistem.vcxproj", "{CA48B5F0-AEBB-4338-BB12-EED545AB1339}"
EndProject
Project("{54435603-DBB4-11D2-8724-00A0C9A8B90C}") = "Satis", "Satis\Satis.vdproj", "{597B417E-F7A0-4BDE-9F96-6348923806B0}"
EndProject
Global
	GlobalSection(SolutionConfigurationPlatforms) = preSolution
		Debug|x64 = Debug|x64
		Debug|x86 = Debug|x86
		Release|x64 = Release|x64
		Release|x86 = Release|x86
	EndGlobalSection
	GlobalSection(ProjectConfigurationPlatforms) = postSolution
		{CA48B5F0-AEBB-4338-BB12-EED545AB1339}.Debug|x64.ActiveCfg = Debug|x64
		{CA48B5F0-AEBB-4338-BB12-EED545AB1339}.Debug|x64.Build.0 = Debug|x64
		{CA48B5F0-AEBB-4338-BB12-EED545AB1339}.Debug|x86.ActiveCfg = Debug|Win32
		{CA48B5F0-AEBB-4338-BB12-EED545AB1339}.Debug|x86.Build.0 = Debug|Win32
		{CA48B5F0-AEBB-4338-BB12-EED545AB1339}.Release|x64.ActiveCfg = Release|x64
		{CA48B5F0-AEBB-4338-BB12-EED545AB1339}.Release|x64.Build.0 = Release|x64
		{CA48B5F0-AEBB-4338-BB12-EED545AB1339}.Release|x86.ActiveCfg = Release|Win32
		{CA48B5F0-AEBB-4338-BB12-EED545AB1339}.Release|x86.Build.0 = Release|Win32
		{597B417E-F7A0-4BDE-9F96-6348923806B0}.Debug|x64.ActiveCfg = Debug
		{597B417E-F7A0-4BDE-9F96-6348923806B0}.Debug|x86.ActiveCfg = Debug
		{597B417E-F7A0-4BDE-9F96-6348923806B0}.Release|x64.ActiveCfg = Release
		{597B417E-F7A0-4BDE-9F96-6348923806B0}.Release|x86.ActiveCfg = Release
	EndGlobalSection
	GlobalSection(SolutionProperties) = preSolution
		HideSolutionNode = FALSE
	EndGlobalSection
	GlobalSection(ExtensibilityGlobals) = postSolution
		SolutionGuid = {B9C22B55-D60B-45A8-97BD-250D56080FC7}
	EndGlobalSection
EndGlobal
